lockfileVersion: '9.0'

settings:
  autoInstallPeers: true
  excludeLinksFromLockfile: false

importers:

  .:
    dependencies:
      xstate:
        specifier: ^5.28.0
        version: 5.28.0
      zod:
        specifier: '>=4.0.0'
        version: 4.1.12
    devDependencies:
      '@types/jmespath':
        specifier: ^0.15.2
        version: 0.15.2
      '@types/node':
        specifier: ^22.0.0
        version: 22.18.9
      jmespath:
        specifier: ^0.16.0
        version: 0.16.0
      jsonata:
        specifier: ^2.1.0
        version: 2.1.0
      jsonpath-plus:
        specifier: ^10.4.0
        version: 10.4.0
      tsdown:
        specifier: ^0.21.2
        version: 0.21.2(typescript@5.9.3)
      tsx:
        specifier: ^4.7.0
        version: 4.20.6
      typescript:
        specifier: ^5.9.3
        version: 5.9.3

packages:

  '@babel/generator@8.0.0-rc.2':
    resolution: {integrity: sha512-oCQ1IKPwkzCeJzAPb7Fv8rQ9k5+1sG8mf2uoHiMInPYvkRfrDJxbTIbH51U+jstlkghus0vAi3EBvkfvEsYNLQ==, tarball: https://registry.npmjs.org/@babel/generator/-/generator-8.0.0-rc.2.tgz}
    engines: {node: ^20.19.0 || >=22.12.0}

  '@babel/helper-string-parser@8.0.0-rc.2':
    resolution: {integrity: sha512-noLx87RwlBEMrTzncWd/FvTxoJ9+ycHNg0n8yyYydIoDsLZuxknKgWRJUqcrVkNrJ74uGyhWQzQaS3q8xfGAhQ==, tarball: https://registry.npmjs.org/@babel/helper-string-parser/-/helper-string-parser-8.0.0-rc.2.tgz}
    engines: {node: ^20.19.0 || >=22.12.0}

  '@babel/helper-validator-identifier@8.0.0-rc.2':
    resolution: {integrity: sha512-xExUBkuXWJjVuIbO7z6q7/BA9bgfJDEhVL0ggrggLMbg0IzCUWGT1hZGE8qUH7Il7/RD/a6cZ3AAFrrlp1LF/A==, tarball: https://registry.npmjs.org/@babel/helper-validator-identifier/-/helper-validator-identifier-8.0.0-rc.2.tgz}
    engines: {node: ^20.19.0 || >=22.12.0}

  '@babel/parser@8.0.0-rc.2':
    resolution: {integrity: sha512-29AhEtcq4x8Dp3T72qvUMZHx0OMXCj4Jy/TEReQa+KWLln524Cj1fWb3QFi0l/xSpptQBR6y9RNEXuxpFvwiUQ==, tarball: https://registry.npmjs.org/@babel/parser/-/parser-8.0.0-rc.2.tgz}
    engines: {node: ^20.19.0 || >=22.12.0}
    hasBin: true

  '@babel/types@8.0.0-rc.2':
    resolution: {integrity: sha512-91gAaWRznDwSX4E2tZ1YjBuIfnQVOFDCQ2r0Toby0gu4XEbyF623kXLMA8d4ZbCu+fINcrudkmEcwSUHgDDkNw==, tarball: https://registry.npmjs.org/@babel/types/-/types-8.0.0-rc.2.tgz}
    engines: {node: ^20.19.0 || >=22.12.0}

  '@emnapi/core@1.8.1':
    resolution: {integrity: sha512-AvT9QFpxK0Zd8J0jopedNm+w/2fIzvtPKPjqyw9jwvBaReTTqPBk9Hixaz7KbjimP+QNz605/XnjFcDAL2pqBg==, tarball: https://registry.npmjs.org/@emnapi/core/-/core-1.8.1.tgz}

  '@emnapi/runtime@1.8.1':
    resolution: {integrity: sha512-mehfKSMWjjNol8659Z8KxEMrdSJDDot5SXMq00dM8BN4o+CLNXQ0xH2V7EchNHV4RmbZLmmPdEaXZc5H2FXmDg==, tarball: https://registry.npmjs.org/@emnapi/runtime/-/runtime-1.8.1.tgz}

  '@emnapi/wasi-threads@1.1.0':
    resolution: {integrity: sha512-WI0DdZ8xFSbgMjR1sFsKABJ/C5OnRrjT06JXbZKexJGrDuPTzZdDYfFlsgcCXCyf+suG5QU2e/y1Wo2V/OapLQ==, tarball: https://registry.npmjs.org/@emnapi/wasi-threads/-/wasi-threads-1.1.0.tgz}

  '@esbuild/aix-ppc64@0.25.10':
    resolution: {integrity: sha512-0NFWnA+7l41irNuaSVlLfgNT12caWJVLzp5eAVhZ0z1qpxbockccEt3s+149rE64VUI3Ml2zt8Nv5JVc4QXTsw==, tarball: https://registry.npmjs.org/@esbuild/aix-ppc64/-/aix-ppc64-0.25.10.tgz}
    engines: {node: '>=18'}
    cpu: [ppc64]
    os: [aix]

  '@esbuild/android-arm64@0.25.10':
    resolution: {integrity: sha512-LSQa7eDahypv/VO6WKohZGPSJDq5OVOo3UoFR1E4t4Gj1W7zEQMUhI+lo81H+DtB+kP+tDgBp+M4oNCwp6kffg==, tarball: https://registry.npmjs.org/@esbuild/android-arm64/-/android-arm64-0.25.10.tgz}
    engines: {node: '>=18'}
    cpu: [arm64]
    os: [android]

  '@esbuild/android-arm@0.25.10':
    resolution: {integrity: sha512-dQAxF1dW1C3zpeCDc5KqIYuZ1tgAdRXNoZP7vkBIRtKZPYe2xVr/d3SkirklCHudW1B45tGiUlz2pUWDfbDD4w==, tarball: https://registry.npmjs.org/@esbuild/android-arm/-/android-arm-0.25.10.tgz}
    engines: {node: '>=18'}
    cpu: [arm]
    os: [android]

  '@esbuild/android-x64@0.25.10':
    resolution: {integrity: sha512-MiC9CWdPrfhibcXwr39p9ha1x0lZJ9KaVfvzA0Wxwz9ETX4v5CHfF09bx935nHlhi+MxhA63dKRRQLiVgSUtEg==, tarball: https://registry.npmjs.org/@esbuild/android-x64/-/android-x64-0.25.10.tgz}
    engines: {node: '>=18'}
    cpu: [x64]
    os: [android]

  '@esbuild/darwin-arm64@0.25.10':
    resolution: {integrity: sha512-JC74bdXcQEpW9KkV326WpZZjLguSZ3DfS8wrrvPMHgQOIEIG/sPXEN/V8IssoJhbefLRcRqw6RQH2NnpdprtMA==, tarball: https://registry.npmjs.org/@esbuild/darwin-arm64/-/darwin-arm64-0.25.10.tgz}
    engines: {node: '>=18'}
    cpu: [arm64]
    os: [darwin]

  '@esbuild/darwin-x64@0.25.10':
    resolution: {integrity: sha512-tguWg1olF6DGqzws97pKZ8G2L7Ig1vjDmGTwcTuYHbuU6TTjJe5FXbgs5C1BBzHbJ2bo1m3WkQDbWO2PvamRcg==, tarball: https://registry.npmjs.org/@esbuild/darwin-x64/-/darwin-x64-0.25.10.tgz}
    engines: {node: '>=18'}
    cpu: [x64]
    os: [darwin]

  '@esbuild/freebsd-arm64@0.25.10':
    resolution: {integrity: sha512-3ZioSQSg1HT2N05YxeJWYR+Libe3bREVSdWhEEgExWaDtyFbbXWb49QgPvFH8u03vUPX10JhJPcz7s9t9+boWg==, tarball: https://registry.npmjs.org/@esbuild/freebsd-arm64/-/freebsd-arm64-0.25.10.tgz}
    engines: {node: '>=18'}
    cpu: [arm64]
    os: [freebsd]

  '@esbuild/freebsd-x64@0.25.10':
    resolution: {integrity: sha512-LLgJfHJk014Aa4anGDbh8bmI5Lk+QidDmGzuC2D+vP7mv/GeSN+H39zOf7pN5N8p059FcOfs2bVlrRr4SK9WxA==, tarball: https://registry.npmjs.org/@esbuild/freebsd-x64/-/freebsd-x64-0.25.10.tgz}
    engines: {node: '>=18'}
    cpu: [x64]
    os: [freebsd]

  '@esbuild/linux-arm64@0.25.10':
    resolution: {integrity: sha512-5luJWN6YKBsawd5f9i4+c+geYiVEw20FVW5x0v1kEMWNq8UctFjDiMATBxLvmmHA4bf7F6hTRaJgtghFr9iziQ==, tarball: https://registry.npmjs.org/@esbuild/linux-arm64/-/linux-arm64-0.25.10.tgz}
    engines: {node: '>=18'}
    cpu: [arm64]
    os: [linux]

  '@esbuild/linux-arm@0.25.10':
    resolution: {integrity: sha512-oR31GtBTFYCqEBALI9r6WxoU/ZofZl962pouZRTEYECvNF/dtXKku8YXcJkhgK/beU+zedXfIzHijSRapJY3vg==, tarball: https://registry.npmjs.org/@esbuild/linux-arm/-/linux-arm-0.25.10.tgz}
    engines: {node: '>=18'}
    cpu: [arm]
    os: [linux]

  '@esbuild/linux-ia32@0.25.10':
    resolution: {integrity: sha512-NrSCx2Kim3EnnWgS4Txn0QGt0Xipoumb6z6sUtl5bOEZIVKhzfyp/Lyw4C1DIYvzeW/5mWYPBFJU3a/8Yr75DQ==, tarball: https://registry.npmjs.org/@esbuild/linux-ia32/-/linux-ia32-0.25.10.tgz}
    engines: {node: '>=18'}
    cpu: [ia32]
    os: [linux]

  '@esbuild/linux-loong64@0.25.10':
    resolution: {integrity: sha512-xoSphrd4AZda8+rUDDfD9J6FUMjrkTz8itpTITM4/xgerAZZcFW7Dv+sun7333IfKxGG8gAq+3NbfEMJfiY+Eg==, tarball: https://registry.npmjs.org/@esbuild/linux-loong64/-/linux-loong64-0.25.10.tgz}
    engines: {node: '>=18'}
    cpu: [loong64]
    os: [linux]

  '@esbuild/linux-mips64el@0.25.10':
    resolution: {integrity: sha512-ab6eiuCwoMmYDyTnyptoKkVS3k8fy/1Uvq7Dj5czXI6DF2GqD2ToInBI0SHOp5/X1BdZ26RKc5+qjQNGRBelRA==, tarball: https://registry.npmjs.org/@esbuild/linux-mips64el/-/linux-mips64el-0.25.10.tgz}
    engines: {node: '>=18'}
    cpu: [mips64el]
    os: [linux]

  '@esbuild/linux-ppc64@0.25.10':
    resolution: {integrity: sha512-NLinzzOgZQsGpsTkEbdJTCanwA5/wozN9dSgEl12haXJBzMTpssebuXR42bthOF3z7zXFWH1AmvWunUCkBE4EA==, tarball: https://registry.npmjs.org/@esbuild/linux-ppc64/-/linux-ppc64-0.25.10.tgz}
    engines: {node: '>=18'}
    cpu: [ppc64]
    os: [linux]

  '@esbuild/linux-riscv64@0.25.10':
    resolution: {integrity: sha512-FE557XdZDrtX8NMIeA8LBJX3dC2M8VGXwfrQWU7LB5SLOajfJIxmSdyL/gU1m64Zs9CBKvm4UAuBp5aJ8OgnrA==, tarball: https://registry.npmjs.org/@esbuild/linux-riscv64/-/linux-riscv64-0.25.10.tgz}
    engines: {node: '>=18'}
    cpu: [riscv64]
    os: [linux]

  '@esbuild/linux-s390x@0.25.10':
    resolution: {integrity: sha512-3BBSbgzuB9ajLoVZk0mGu+EHlBwkusRmeNYdqmznmMc9zGASFjSsxgkNsqmXugpPk00gJ0JNKh/97nxmjctdew==, tarball: https://registry.npmjs.org/@esbuild/linux-s390x/-/linux-s390x-0.25.10.tgz}
    engines: {node: '>=18'}
    cpu: [s390x]
    os: [linux]

  '@esbuild/linux-x64@0.25.10':
    resolution: {integrity: sha512-QSX81KhFoZGwenVyPoberggdW1nrQZSvfVDAIUXr3WqLRZGZqWk/P4T8p2SP+de2Sr5HPcvjhcJzEiulKgnxtA==, tarball: https://registry.npmjs.org/@esbuild/linux-x64/-/linux-x64-0.25.10.tgz}
    engines: {node: '>=18'}
    cpu: [x64]
    os: [linux]

  '@esbuild/netbsd-arm64@0.25.10':
    resolution: {integrity: sha512-AKQM3gfYfSW8XRk8DdMCzaLUFB15dTrZfnX8WXQoOUpUBQ+NaAFCP1kPS/ykbbGYz7rxn0WS48/81l9hFl3u4A==, tarball: https://registry.npmjs.org/@esbuild/netbsd-arm64/-/netbsd-arm64-0.25.10.tgz}
    engines: {node: '>=18'}
    cpu: [arm64]
    os: [netbsd]

  '@esbuild/netbsd-x64@0.25.10':
    resolution: {integrity: sha512-7RTytDPGU6fek/hWuN9qQpeGPBZFfB4zZgcz2VK2Z5VpdUxEI8JKYsg3JfO0n/Z1E/6l05n0unDCNc4HnhQGig==, tarball: https://registry.npmjs.org/@esbuild/netbsd-x64/-/netbsd-x64-0.25.10.tgz}
    engines: {node: '>=18'}
    cpu: [x64]
    os: [netbsd]

  '@esbuild/openbsd-arm64@0.25.10':
    resolution: {integrity: sha512-5Se0VM9Wtq797YFn+dLimf2Zx6McttsH2olUBsDml+lm0GOCRVebRWUvDtkY4BWYv/3NgzS8b/UM3jQNh5hYyw==, tarball: https://registry.npmjs.org/@esbuild/openbsd-arm64/-/openbsd-arm64-0.25.10.tgz}
    engines: {node: '>=18'}
    cpu: [arm64]
    os: [openbsd]

  '@esbuild/openbsd-x64@0.25.10':
    resolution: {integrity: sha512-XkA4frq1TLj4bEMB+2HnI0+4RnjbuGZfet2gs/LNs5Hc7D89ZQBHQ0gL2ND6Lzu1+QVkjp3x1gIcPKzRNP8bXw==, tarball: https://registry.npmjs.org/@esbuild/openbsd-x64/-/openbsd-x64-0.25.10.tgz}
    engines: {node: '>=18'}
    cpu: [x64]
    os: [openbsd]

  '@esbuild/openharmony-arm64@0.25.10':
    resolution: {integrity: sha512-AVTSBhTX8Y/Fz6OmIVBip9tJzZEUcY8WLh7I59+upa5/GPhh2/aM6bvOMQySspnCCHvFi79kMtdJS1w0DXAeag==, tarball: https://registry.npmjs.org/@esbuild/openharmony-arm64/-/openharmony-arm64-0.25.10.tgz}
    engines: {node: '>=18'}
    cpu: [arm64]
    os: [openharmony]

  '@esbuild/sunos-x64@0.25.10':
    resolution: {integrity: sha512-fswk3XT0Uf2pGJmOpDB7yknqhVkJQkAQOcW/ccVOtfx05LkbWOaRAtn5SaqXypeKQra1QaEa841PgrSL9ubSPQ==, tarball: https://registry.npmjs.org/@esbuild/sunos-x64/-/sunos-x64-0.25.10.tgz}
    engines: {node: '>=18'}
    cpu: [x64]
    os: [sunos]

  '@esbuild/win32-arm64@0.25.10':
    resolution: {integrity: sha512-ah+9b59KDTSfpaCg6VdJoOQvKjI33nTaQr4UluQwW7aEwZQsbMCfTmfEO4VyewOxx4RaDT/xCy9ra2GPWmO7Kw==, tarball: https://registry.npmjs.org/@esbuild/win32-arm64/-/win32-arm64-0.25.10.tgz}
    engines: {node: '>=18'}
    cpu: [arm64]
    os: [win32]

  '@esbuild/win32-ia32@0.25.10':
    resolution: {integrity: sha512-QHPDbKkrGO8/cz9LKVnJU22HOi4pxZnZhhA2HYHez5Pz4JeffhDjf85E57Oyco163GnzNCVkZK0b/n4Y0UHcSw==, tarball: https://registry.npmjs.org/@esbuild/win32-ia32/-/win32-ia32-0.25.10.tgz}
    engines: {node: '>=18'}
    cpu: [ia32]
    os: [win32]

  '@esbuild/win32-x64@0.25.10':
    resolution: {integrity: sha512-9KpxSVFCu0iK1owoez6aC/s/EdUQLDN3adTxGCqxMVhrPDj6bt5dbrHDXUuq+Bs2vATFBBrQS5vdQ/Ed2P+nbw==, tarball: https://registry.npmjs.org/@esbuild/win32-x64/-/win32-x64-0.25.10.tgz}
    engines: {node: '>=18'}
    cpu: [x64]
    os: [win32]

  '@jridgewell/gen-mapping@0.3.13':
    resolution: {integrity: sha512-2kkt/7niJ6MgEPxF0bYdQ6etZaA+fQvDcLKckhy1yIQOzaoKjBBjSj63/aLVjYE3qhRt5dvM+uUyfCg6UKCBbA==, tarball: https://registry.npmjs.org/@jridgewell/gen-mapping/-/gen-mapping-0.3.13.tgz}

  '@jridgewell/resolve-uri@3.1.2':
    resolution: {integrity: sha512-bRISgCIjP20/tbWSPWMEi54QVPRZExkuD9lJL+UIxUKtwVJA8wW1Trb1jMs1RFXo1CBTNZ/5hpC9QvmKWdopKw==, tarball: https://registry.npmjs.org/@jridgewell/resolve-uri/-/resolve-uri-3.1.2.tgz}
    engines: {node: '>=6.0.0'}

  '@jridgewell/sourcemap-codec@1.5.5':
    resolution: {integrity: sha512-cYQ9310grqxueWbl+WuIUIaiUaDcj7WOq5fVhEljNVgRfOUhY9fy2zTvfoqWsnebh8Sl70VScFbICvJnLKB0Og==, tarball: https://registry.npmjs.org/@jridgewell/sourcemap-codec/-/sourcemap-codec-1.5.5.tgz}

  '@jridgewell/trace-mapping@0.3.31':
    resolution: {integrity: sha512-zzNR+SdQSDJzc8joaeP8QQoCQr8NuYx2dIIytl1QeBEZHJ9uW6hebsrYgbz8hJwUQao3TWCMtmfV8Nu1twOLAw==, tarball: https://registry.npmjs.org/@jridgewell/trace-mapping/-/trace-mapping-0.3.31.tgz}

  '@jsep-plugin/assignment@1.3.0':
    resolution: {integrity: sha512-VVgV+CXrhbMI3aSusQyclHkenWSAm95WaiKrMxRFam3JSUiIaQjoMIw2sEs/OX4XifnqeQUN4DYbJjlA8EfktQ==, tarball: https://registry.npmjs.org/@jsep-plugin/assignment/-/assignment-1.3.0.tgz}
    engines: {node: '>= 10.16.0'}
    peerDependencies:
      jsep: ^0.4.0||^1.0.0

  '@jsep-plugin/regex@1.0.4':
    resolution: {integrity: sha512-q7qL4Mgjs1vByCaTnDFcBnV9HS7GVPJX5vyVoCgZHNSC9rjwIlmbXG5sUuorR5ndfHAIlJ8pVStxvjXHbNvtUg==, tarball: https://registry.npmjs.org/@jsep-plugin/regex/-/regex-1.0.4.tgz}
    engines: {node: '>= 10.16.0'}
    peerDependencies:
      jsep: ^0.4.0||^1.0.0

  '@napi-rs/wasm-runtime@1.1.1':
    resolution: {integrity: sha512-p64ah1M1ld8xjWv3qbvFwHiFVWrq1yFvV4f7w+mzaqiR4IlSgkqhcRdHwsGgomwzBH51sRY4NEowLxnaBjcW/A==, tarball: https://registry.npmjs.org/@napi-rs/wasm-runtime/-/wasm-runtime-1.1.1.tgz}

  '@oxc-project/types@0.115.0':
    resolution: {integrity: sha512-4n91DKnebUS4yjUHl2g3/b2T+IUdCfmoZGhmwsovZCDaJSs+QkVAM+0AqqTxHSsHfeiMuueT75cZaZcT/m0pSw==, tarball: https://registry.npmjs.org/@oxc-project/types/-/types-0.115.0.tgz}

  '@quansync/fs@1.0.0':
    resolution: {integrity: sha512-4TJ3DFtlf1L5LDMaM6CanJ/0lckGNtJcMjQ1NAV6zDmA0tEHKZtxNKin8EgPaVX1YzljbxckyT2tJrpQKAtngQ==, tarball: https://registry.npmjs.org/@quansync/fs/-/fs-1.0.0.tgz}

  '@rolldown/binding-android-arm64@1.0.0-rc.9':
    resolution: {integrity: sha512-lcJL0bN5hpgJfSIz/8PIf02irmyL43P+j1pTCfbD1DbLkmGRuFIA4DD3B3ZOvGqG0XiVvRznbKtN0COQVaKUTg==, tarball: https://registry.npmjs.org/@rolldown/binding-android-arm64/-/binding-android-arm64-1.0.0-rc.9.tgz}
    engines: {node: ^20.19.0 || >=22.12.0}
    cpu: [arm64]
    os: [android]

  '@rolldown/binding-darwin-arm64@1.0.0-rc.9':
    resolution: {integrity: sha512-J7Zk3kLYFsLtuH6U+F4pS2sYVzac0qkjcO5QxHS7OS7yZu2LRs+IXo+uvJ/mvpyUljDJ3LROZPoQfgBIpCMhdQ==, tarball: https://registry.npmjs.org/@rolldown/binding-darwin-arm64/-/binding-darwin-arm64-1.0.0-rc.9.tgz}
    engines: {node: ^20.19.0 || >=22.12.0}
    cpu: [arm64]
    os: [darwin]

  '@rolldown/binding-darwin-x64@1.0.0-rc.9':
    resolution: {integrity: sha512-iwtmmghy8nhfRGeNAIltcNXzD0QMNaaA5U/NyZc1Ia4bxrzFByNMDoppoC+hl7cDiUq5/1CnFthpT9n+UtfFyg==, tarball: https://registry.npmjs.org/@rolldown/binding-darwin-x64/-/binding-darwin-x64-1.0.0-rc.9.tgz}
    engines: {node: ^20.19.0 || >=22.12.0}
    cpu: [x64]
    os: [darwin]

  '@rolldown/binding-freebsd-x64@1.0.0-rc.9':
    resolution: {integrity: sha512-DLFYI78SCiZr5VvdEplsVC2Vx53lnA4/Ga5C65iyldMVaErr86aiqCoNBLl92PXPfDtUYjUh+xFFor40ueNs4Q==, tarball: https://registry.npmjs.org/@rolldown/binding-freebsd-x64/-/binding-freebsd-x64-1.0.0-rc.9.tgz}
    engines: {node: ^20.19.0 || >=22.12.0}
    cpu: [x64]
    os: [freebsd]

  '@rolldown/binding-linux-arm-gnueabihf@1.0.0-rc.9':
    resolution: {integrity: sha512-CsjTmTwd0Hri6iTw/DRMK7kOZ7FwAkrO4h8YWKoX/kcj833e4coqo2wzIFywtch/8Eb5enQ/lwLM7w6JX1W5RQ==, tarball: https://registry.npmjs.org/@rolldown/binding-linux-arm-gnueabihf/-/binding-linux-arm-gnueabihf-1.0.0-rc.9.tgz}
    engines: {node: ^20.19.0 || >=22.12.0}
    cpu: [arm]
    os: [linux]

  '@rolldown/binding-linux-arm64-gnu@1.0.0-rc.9':
    resolution: {integrity: sha512-2x9O2JbSPxpxMDhP9Z74mahAStibTlrBMW0520+epJH5sac7/LwZW5Bmg/E6CXuEF53JJFW509uP+lSedaUNxg==, tarball: https://registry.npmjs.org/@rolldown/binding-linux-arm64-gnu/-/binding-linux-arm64-gnu-1.0.0-rc.9.tgz}
    engines: {node: ^20.19.0 || >=22.12.0}
    cpu: [arm64]
    os: [linux]
    libc: [glibc]

  '@rolldown/binding-linux-arm64-musl@1.0.0-rc.9':
    resolution: {integrity: sha512-JA1QRW31ogheAIRhIg9tjMfsYbglXXYGNPLdPEYrwFxdbkQCAzvpSCSHCDWNl4hTtrol8WeboCSEpjdZK8qrCg==, tarball: https://registry.npmjs.org/@rolldown/binding-linux-arm64-musl/-/binding-linux-arm64-musl-1.0.0-rc.9.tgz}
    engines: {node: ^20.19.0 || >=22.12.0}
    cpu: [arm64]
    os: [linux]
    libc: [musl]

  '@rolldown/binding-linux-ppc64-gnu@1.0.0-rc.9':
    resolution: {integrity: sha512-aOKU9dJheda8Kj8Y3w9gnt9QFOO+qKPAl8SWd7JPHP+Cu0EuDAE5wokQubLzIDQWg2myXq2XhTpOVS07qqvT+w==, tarball: https://registry.npmjs.org/@rolldown/binding-linux-ppc64-gnu/-/binding-linux-ppc64-gnu-1.0.0-rc.9.tgz}
    engines: {node: ^20.19.0 || >=22.12.0}
    cpu: [ppc64]
    os: [linux]
    libc: [glibc]

  '@rolldown/binding-linux-s390x-gnu@1.0.0-rc.9':
    resolution: {integrity: sha512-OalO94fqj7IWRn3VdXWty75jC5dk4C197AWEuMhIpvVv2lw9fiPhud0+bW2ctCxb3YoBZor71QHbY+9/WToadA==, tarball: https://registry.npmjs.org/@rolldown/binding-linux-s390x-gnu/-/binding-linux-s390x-gnu-1.0.0-rc.9.tgz}
    engines: {node: ^20.19.0 || >=22.12.0}
    cpu: [s390x]
    os: [linux]
    libc: [glibc]

  '@rolldown/binding-linux-x64-gnu@1.0.0-rc.9':
    resolution: {integrity: sha512-cVEl1vZtBsBZna3YMjGXNvnYYrOJ7RzuWvZU0ffvJUexWkukMaDuGhUXn0rjnV0ptzGVkvc+vW9Yqy6h8YX4pg==, tarball: https://registry.npmjs.org/@rolldown/binding-linux-x64-gnu/-/binding-linux-x64-gnu-1.0.0-rc.9.tgz}
    engines: {node: ^20.19.0 || >=22.12.0}
    cpu: [x64]
    os: [linux]
    libc: [glibc]

  '@rolldown/binding-linux-x64-musl@1.0.0-rc.9':
    resolution: {integrity: sha512-UzYnKCIIc4heAKgI4PZ3dfBGUZefGCJ1TPDuLHoCzgrMYPb5Rv6TLFuYtyM4rWyHM7hymNdsg5ik2C+UD9VDbA==, tarball: https://registry.npmjs.org/@rolldown/binding-linux-x64-musl/-/binding-linux-x64-musl-1.0.0-rc.9.tgz}
    engines: {node: ^20.19.0 || >=22.12.0}
    cpu: [x64]
    os: [linux]
    libc: [musl]

  '@rolldown/binding-openharmony-arm64@1.0.0-rc.9':
    resolution: {integrity: sha512-+6zoiF+RRyf5cdlFQP7nm58mq7+/2PFaY2DNQeD4B87N36JzfF/l9mdBkkmTvSYcYPE8tMh/o3cRlsx1ldLfog==, tarball: https://registry.npmjs.org/@rolldown/binding-openharmony-arm64/-/binding-openharmony-arm64-1.0.0-rc.9.tgz}
    engines: {node: ^20.19.0 || >=22.12.0}
    cpu: [arm64]
    os: [openharmony]

  '@rolldown/binding-wasm32-wasi@1.0.0-rc.9':
    resolution: {integrity: sha512-rgFN6sA/dyebil3YTlL2evvi/M+ivhfnyxec7AccTpRPccno/rPoNlqybEZQBkcbZu8Hy+eqNJCqfBR8P7Pg8g==, tarball: https://registry.npmjs.org/@rolldown/binding-wasm32-wasi/-/binding-wasm32-wasi-1.0.0-rc.9.tgz}
    engines: {node: '>=14.0.0'}
    cpu: [wasm32]

  '@rolldown/binding-win32-arm64-msvc@1.0.0-rc.9':
    resolution: {integrity: sha512-lHVNUG/8nlF1IQk1C0Ci574qKYyty2goMiPlRqkC5R+3LkXDkL5Dhx8ytbxq35m+pkHVIvIxviD+TWLdfeuadA==, tarball: https://registry.npmjs.org/@rolldown/binding-win32-arm64-msvc/-/binding-win32-arm64-msvc-1.0.0-rc.9.tgz}
    engines: {node: ^20.19.0 || >=22.12.0}
    cpu: [arm64]
    os: [win32]

  '@rolldown/binding-win32-x64-msvc@1.0.0-rc.9':
    resolution: {integrity: sha512-G0oA4+w1iY5AGi5HcDTxWsoxF509hrFIPB2rduV5aDqS9FtDg1CAfa7V34qImbjfhIcA8C+RekocJZA96EarwQ==, tarball: https://registry.npmjs.org/@rolldown/binding-win32-x64-msvc/-/binding-win32-x64-msvc-1.0.0-rc.9.tgz}
    engines: {node: ^20.19.0 || >=22.12.0}
    cpu: [x64]
    os: [win32]

  '@rolldown/pluginutils@1.0.0-rc.9':
    resolution: {integrity: sha512-w6oiRWgEBl04QkFZgmW+jnU1EC9b57Oihi2ot3HNWIQRqgHp5PnYDia5iZ5FF7rpa4EQdiqMDXjlqKGXBhsoXw==, tarball: https://registry.npmjs.org/@rolldown/pluginutils/-/pluginutils-1.0.0-rc.9.tgz}

  '@tybys/wasm-util@0.10.1':
    resolution: {integrity: sha512-9tTaPJLSiejZKx+Bmog4uSubteqTvFrVrURwkmHixBo0G4seD0zUxp98E1DzUBJxLQ3NPwXrGKDiVjwx/DpPsg==, tarball: https://registry.npmjs.org/@tybys/wasm-util/-/wasm-util-0.10.1.tgz}

  '@types/estree@1.0.8':
    resolution: {integrity: sha512-dWHzHa2WqEXI/O1E9OjrocMTKJl2mSrEolh1Iomrv6U+JuNwaHXsXx9bLu5gG7BUWFIN0skIQJQ/L1rIex4X6w==, tarball: https://registry.npmjs.org/@types/estree/-/estree-1.0.8.tgz}

  '@types/jmespath@0.15.2':
    resolution: {integrity: sha512-pegh49FtNsC389Flyo9y8AfkVIZn9MMPE9yJrO9svhq6Fks2MwymULWjZqySuxmctd3ZH4/n7Mr98D+1Qo5vGA==, tarball: https://registry.npmjs.org/@types/jmespath/-/jmespath-0.15.2.tgz}

  '@types/jsesc@2.5.1':
    resolution: {integrity: sha512-9VN+6yxLOPLOav+7PwjZbxiID2bVaeq0ED4qSQmdQTdjnXJSaCVKTR58t15oqH1H5t8Ng2ZX1SabJVoN9Q34bw==, tarball: https://registry.npmjs.org/@types/jsesc/-/jsesc-2.5.1.tgz}

  '@types/node@22.18.9':
    resolution: {integrity: sha512-5yBtK0k/q8PjkMXbTfeIEP/XVYnz1R9qZJ3yUicdEW7ppdDJfe+MqXEhpqDL3mtn4Wvs1u0KLEG0RXzCgNpsSg==, tarball: https://registry.npmjs.org/@types/node/-/node-22.18.9.tgz}

  ansis@4.2.0:
    resolution: {integrity: sha512-HqZ5rWlFjGiV0tDm3UxxgNRqsOTniqoKZu0pIAfh7TZQMGuZK+hH0drySty0si0QXj1ieop4+SkSfPZBPPkHig==, tarball: https://registry.npmjs.org/ansis/-/ansis-4.2.0.tgz}
    engines: {node: '>=14'}

  ast-kit@3.0.0-beta.1:
    resolution: {integrity: sha512-trmleAnZ2PxN/loHWVhhx1qeOHSRXq4TDsBBxq3GqeJitfk3+jTQ+v/C1km/KYq9M7wKqCewMh+/NAvVH7m+bw==, tarball: https://registry.npmjs.org/ast-kit/-/ast-kit-3.0.0-beta.1.tgz}
    engines: {node: '>=20.19.0'}

  birpc@4.0.0:
    resolution: {integrity: sha512-LShSxJP0KTmd101b6DRyGBj57LZxSDYWKitQNW/mi8GRMvZb078Uf9+pveax1DrVL89vm7mWe+TovdI/UDOuPw==, tarball: https://registry.npmjs.org/birpc/-/birpc-4.0.0.tgz}

  cac@7.0.0:
    resolution: {integrity: sha512-tixWYgm5ZoOD+3g6UTea91eow5z6AAHaho3g0V9CNSNb45gM8SmflpAc+GRd1InC4AqN/07Unrgp56Y94N9hJQ==, tarball: https://registry.npmjs.org/cac/-/cac-7.0.0.tgz}
    engines: {node: '>=20.19.0'}

  defu@6.1.4:
    resolution: {integrity: sha512-mEQCMmwJu317oSz8CwdIOdwf3xMif1ttiM8LTufzc3g6kR+9Pe236twL8j3IYT1F7GfRgGcW6MWxzZjLIkuHIg==, tarball: https://registry.npmjs.org/defu/-/defu-6.1.4.tgz}

  dts-resolver@2.1.3:
    resolution: {integrity: sha512-bihc7jPC90VrosXNzK0LTE2cuLP6jr0Ro8jk+kMugHReJVLIpHz/xadeq3MhuwyO4TD4OA3L1Q8pBBFRc08Tsw==, tarball: https://registry.npmjs.org/dts-resolver/-/dts-resolver-2.1.3.tgz}
    engines: {node: '>=20.19.0'}
    peerDependencies:
      oxc-resolver: '>=11.0.0'
    peerDependenciesMeta:
      oxc-resolver:
        optional: true

  empathic@2.0.0:
    resolution: {integrity: sha512-i6UzDscO/XfAcNYD75CfICkmfLedpyPDdozrLMmQc5ORaQcdMoc21OnlEylMIqI7U8eniKrPMxxtj8k0vhmJhA==, tarball: https://registry.npmjs.org/empathic/-/empathic-2.0.0.tgz}
    engines: {node: '>=14'}

  esbuild@0.25.10:
    resolution: {integrity: sha512-9RiGKvCwaqxO2owP61uQ4BgNborAQskMR6QusfWzQqv7AZOg5oGehdY2pRJMTKuwxd1IDBP4rSbI5lHzU7SMsQ==, tarball: https://registry.npmjs.org/esbuild/-/esbuild-0.25.10.tgz}
    engines: {node: '>=18'}
    hasBin: true

  estree-walker@3.0.3:
    resolution: {integrity: sha512-7RUKfXgSMMkzt6ZuXmqapOurLGPPfgj6l9uRZ7lRGolvk0y2yocc35LdcxKC5PQZdn2DMqioAQ2NoWcrTKmm6g==, tarball: https://registry.npmjs.org/estree-walker/-/estree-walker-3.0.3.tgz}

  fdir@6.5.0:
    resolution: {integrity: sha512-tIbYtZbucOs0BRGqPJkshJUYdL+SDH7dVM8gjy+ERp3WAUjLEFJE+02kanyHtwjWOnwrKYBiwAmM0p4kLJAnXg==, tarball: https://registry.npmjs.org/fdir/-/fdir-6.5.0.tgz}
    engines: {node: '>=12.0.0'}
    peerDependencies:
      picomatch: ^3 || ^4
    peerDependenciesMeta:
      picomatch:
        optional: true

  fsevents@2.3.3:
    resolution: {integrity: sha512-5xoDfX+fL7faATnagmWPpbFtwh/R77WmMMqqHGS65C3vvB0YHrgF+B1YmZ3441tMj5n63k0212XNoJwzlhffQw==, tarball: https://registry.npmjs.org/fsevents/-/fsevents-2.3.3.tgz}
    engines: {node: ^8.16.0 || ^10.6.0 || >=11.0.0}
    os: [darwin]

  get-tsconfig@4.12.0:
    resolution: {integrity: sha512-LScr2aNr2FbjAjZh2C6X6BxRx1/x+aTDExct/xyq2XKbYOiG5c0aK7pMsSuyc0brz3ibr/lbQiHD9jzt4lccJw==, tarball: https://registry.npmjs.org/get-tsconfig/-/get-tsconfig-4.12.0.tgz}

  get-tsconfig@4.13.6:
    resolution: {integrity: sha512-shZT/QMiSHc/YBLxxOkMtgSid5HFoauqCE3/exfsEcwg1WkeqjG+V40yBbBrsD+jW2HDXcs28xOfcbm2jI8Ddw==, tarball: https://registry.npmjs.org/get-tsconfig/-/get-tsconfig-4.13.6.tgz}

  hookable@6.0.1:
    resolution: {integrity: sha512-uKGyY8BuzN/a5gvzvA+3FVWo0+wUjgtfSdnmjtrOVwQCZPHpHDH2WRO3VZSOeluYrHoDCiXFffZXs8Dj1ULWtw==, tarball: https://registry.npmjs.org/hookable/-/hookable-6.0.1.tgz}

  import-without-cache@0.2.5:
    resolution: {integrity: sha512-B6Lc2s6yApwnD2/pMzFh/d5AVjdsDXjgkeJ766FmFuJELIGHNycKRj+l3A39yZPM4CchqNCB4RITEAYB1KUM6A==, tarball: https://registry.npmjs.org/import-without-cache/-/import-without-cache-0.2.5.tgz}
    engines: {node: '>=20.19.0'}

  jmespath@0.16.0:
    resolution: {integrity: sha512-9FzQjJ7MATs1tSpnco1K6ayiYE3figslrXA72G2HQ/n76RzvYlofyi5QM+iX4YRs/pu3yzxlVQSST23+dMDknw==, tarball: https://registry.npmjs.org/jmespath/-/jmespath-0.16.0.tgz}
    engines: {node: '>= 0.6.0'}

  jsep@1.4.0:
    resolution: {integrity: sha512-B7qPcEVE3NVkmSJbaYxvv4cHkVW7DQsZz13pUMrfS8z8Q/BuShN+gcTXrUlPiGqM2/t/EEaI030bpxMqY8gMlw==, tarball: https://registry.npmjs.org/jsep/-/jsep-1.4.0.tgz}
    engines: {node: '>= 10.16.0'}

  jsesc@3.1.0:
    resolution: {integrity: sha512-/sM3dO2FOzXjKQhJuo0Q173wf2KOo8t4I8vHy6lF9poUp7bKT0/NHE8fPX23PwfhnykfqnC2xRxOnVw5XuGIaA==, tarball: https://registry.npmjs.org/jsesc/-/jsesc-3.1.0.tgz}
    engines: {node: '>=6'}
    hasBin: true

  jsonata@2.1.0:
    resolution: {integrity: sha512-OCzaRMK8HobtX8fp37uIVmL8CY1IGc/a6gLsDqz3quExFR09/U78HUzWYr7T31UEB6+Eu0/8dkVD5fFDOl9a8w==, tarball: https://registry.npmjs.org/jsonata/-/jsonata-2.1.0.tgz}
    engines: {node: '>= 8'}

  jsonpath-plus@10.4.0:
    resolution: {integrity: sha512-T92WWatJXmhBbKsgH/0hl+jxjdXrifi5IKeMY02DWggRxX0UElcbVzPlmgLTbvsPeW1PasQ6xE2Q75stkhGbsA==, tarball: https://registry.npmjs.org/jsonpath-plus/-/jsonpath-plus-10.4.0.tgz}
    engines: {node: '>=18.0.0'}
    hasBin: true

  obug@2.1.1:
    resolution: {integrity: sha512-uTqF9MuPraAQ+IsnPf366RG4cP9RtUi7MLO1N3KEc+wb0a6yKpeL0lmk2IB1jY5KHPAlTc6T/JRdC/YqxHNwkQ==, tarball: https://registry.npmjs.org/obug/-/obug-2.1.1.tgz}

  pathe@2.0.3:
    resolution: {integrity: sha512-WUjGcAqP1gQacoQe+OBJsFA7Ld4DyXuUIjZ5cc75cLHvJ7dtNsTugphxIADwspS+AraAUePCKrSVtPLFj/F88w==, tarball: https://registry.npmjs.org/pathe/-/pathe-2.0.3.tgz}

  picomatch@4.0.3:
    resolution: {integrity: sha512-5gTmgEY/sqK6gFXLIsQNH19lWb4ebPDLA4SdLP7dsWkIXHWlG66oPuVvXSGFPppYZz8ZDZq0dYYrbHfBCVUb1Q==, tarball: https://registry.npmjs.org/picomatch/-/picomatch-4.0.3.tgz}
    engines: {node: '>=12'}

  quansync@1.0.0:
    resolution: {integrity: sha512-5xZacEEufv3HSTPQuchrvV6soaiACMFnq1H8wkVioctoH3TRha9Sz66lOxRwPK/qZj7HPiSveih9yAyh98gvqA==, tarball: https://registry.npmjs.org/quansync/-/quansync-1.0.0.tgz}

  resolve-pkg-maps@1.0.0:
    resolution: {integrity: sha512-seS2Tj26TBVOC2NIc2rOe2y2ZO7efxITtLZcGSOnHHNOQ7CkiUBfw0Iw2ck6xkIhPwLhKNLS8BO+hEpngQlqzw==, tarball: https://registry.npmjs.org/resolve-pkg-maps/-/resolve-pkg-maps-1.0.0.tgz}

  rolldown-plugin-dts@0.22.5:
    resolution: {integrity: sha512-M/HXfM4cboo+jONx9Z0X+CUf3B5tCi7ni+kR5fUW50Fp9AlZk0oVLesibGWgCXDKFp5lpgQ9yhKoImUFjl3VZw==, tarball: https://registry.npmjs.org/rolldown-plugin-dts/-/rolldown-plugin-dts-0.22.5.tgz}
    engines: {node: '>=20.19.0'}
    peerDependencies:
      '@ts-macro/tsc': ^0.3.6
      '@typescript/native-preview': '>=7.0.0-dev.20250601.1'
      rolldown: ^1.0.0-rc.3
      typescript: ^5.0.0 || ^6.0.0-beta
      vue-tsc: ~3.2.0
    peerDependenciesMeta:
      '@ts-macro/tsc':
        optional: true
      '@typescript/native-preview':
        optional: true
      typescript:
        optional: true
      vue-tsc:
        optional: true

  rolldown@1.0.0-rc.9:
    resolution: {integrity: sha512-9EbgWge7ZH+yqb4d2EnELAntgPTWbfL8ajiTW+SyhJEC4qhBbkCKbqFV4Ge4zmu5ziQuVbWxb/XwLZ+RIO7E8Q==, tarball: https://registry.npmjs.org/rolldown/-/rolldown-1.0.0-rc.9.tgz}
    engines: {node: ^20.19.0 || >=22.12.0}
    hasBin: true

  semver@7.7.4:
    resolution: {integrity: sha512-vFKC2IEtQnVhpT78h1Yp8wzwrf8CM+MzKMHGJZfBtzhZNycRFnXsHk6E5TxIkkMsgNS7mdX3AGB7x2QM2di4lA==, tarball: https://registry.npmjs.org/semver/-/semver-7.7.4.tgz}
    engines: {node: '>=10'}
    hasBin: true

  tinyexec@1.0.2:
    resolution: {integrity: sha512-W/KYk+NFhkmsYpuHq5JykngiOCnxeVL8v8dFnqxSD8qEEdRfXk1SDM6JzNqcERbcGYj9tMrDQBYV9cjgnunFIg==, tarball: https://registry.npmjs.org/tinyexec/-/tinyexec-1.0.2.tgz}
    engines: {node: '>=18'}

  tinyglobby@0.2.15:
    resolution: {integrity: sha512-j2Zq4NyQYG5XMST4cbs02Ak8iJUdxRM0XI5QyxXuZOzKOINmWurp3smXu3y5wDcJrptwpSjgXHzIQxR0omXljQ==, tarball: https://registry.npmjs.org/tinyglobby/-/tinyglobby-0.2.15.tgz}
    engines: {node: '>=12.0.0'}

  tree-kill@1.2.2:
    resolution: {integrity: sha512-L0Orpi8qGpRG//Nd+H90vFB+3iHnue1zSSGmNOOCh1GLJ7rUKVwV2HvijphGQS2UmhUZewS9VgvxYIdgr+fG1A==, tarball: https://registry.npmjs.org/tree-kill/-/tree-kill-1.2.2.tgz}
    hasBin: true

  tsdown@0.21.2:
    resolution: {integrity: sha512-pP8eAcd1XAWjl5gjosuJs0BAuVoheUe3V8VDHx31QK7YOgXjcCMsBSyFWO3CMh/CSUkjRUzR96JtGH3WJFTExQ==, tarball: https://registry.npmjs.org/tsdown/-/tsdown-0.21.2.tgz}
    engines: {node: '>=20.19.0'}
    hasBin: true
    peerDependencies:
      '@arethetypeswrong/core': ^0.18.1
      '@tsdown/css': 0.21.2
      '@tsdown/exe': 0.21.2
      '@vitejs/devtools': '*'
      publint: ^0.3.0
      typescript: ^5.0.0
      unplugin-unused: ^0.5.0
    peerDependenciesMeta:
      '@arethetypeswrong/core':
        optional: true
      '@tsdown/css':
        optional: true
      '@tsdown/exe':
        optional: true
      '@vitejs/devtools':
        optional: true
      publint:
        optional: true
      typescript:
        optional: true
      unplugin-unused:
        optional: true

  tslib@2.8.1:
    resolution: {integrity: sha512-oJFu94HQb+KVduSUQL7wnpmqnfmLsOA/nAh6b6EH0wCEoK0/mPeXU6c3wKDV83MkOuHPRHtSXKKU99IBazS/2w==, tarball: https://registry.npmjs.org/tslib/-/tslib-2.8.1.tgz}

  tsx@4.20.6:
    resolution: {integrity: sha512-ytQKuwgmrrkDTFP4LjR0ToE2nqgy886GpvRSpU0JAnrdBYppuY5rLkRUYPU1yCryb24SsKBTL/hlDQAEFVwtZg==, tarball: https://registry.npmjs.org/tsx/-/tsx-4.20.6.tgz}
    engines: {node: '>=18.0.0'}
    hasBin: true

  typescript@5.9.3:
    resolution: {integrity: sha512-jl1vZzPDinLr9eUt3J/t7V6FgNEw9QjvBPdysz9KfQDD41fQrC2Y4vKQdiaUpFT4bXlb1RHhLpp8wtm6M5TgSw==, tarball: https://registry.npmjs.org/typescript/-/typescript-5.9.3.tgz}
    engines: {node: '>=14.17'}
    hasBin: true

  unconfig-core@7.5.0:
    resolution: {integrity: sha512-Su3FauozOGP44ZmKdHy2oE6LPjk51M/TRRjHv2HNCWiDvfvCoxC2lno6jevMA91MYAdCdwP05QnWdWpSbncX/w==, tarball: https://registry.npmjs.org/unconfig-core/-/unconfig-core-7.5.0.tgz}

  undici-types@6.21.0:
    resolution: {integrity: sha512-iwDZqg0QAGrg9Rav5H4n0M64c3mkR59cJ6wQp+7C4nI0gsmExaedaYLNO44eT4AtBBwjbTiGPMlt2Md0T9H9JQ==, tarball: https://registry.npmjs.org/undici-types/-/undici-types-6.21.0.tgz}

  unrun@0.2.32:
    resolution: {integrity: sha512-opd3z6791rf281JdByf0RdRQrpcc7WyzqittqIXodM/5meNWdTwrVxeyzbaCp4/Rgls/um14oUaif1gomO8YGg==, tarball: https://registry.npmjs.org/unrun/-/unrun-0.2.32.tgz}
    engines: {node: '>=20.19.0'}
    hasBin: true
    peerDependencies:
      synckit: ^0.11.11
    peerDependenciesMeta:
      synckit:
        optional: true

  xstate@5.28.0:
    resolution: {integrity: sha512-Iaqq6ZrUzqeUtA3hC5LQKZfR8ZLzEFTImMHJM3jWEdVvXWdKvvVLXZEiNQWm3SCA9ZbEou/n5rcsna1wb9t28A==, tarball: https://registry.npmjs.org/xstate/-/xstate-5.28.0.tgz}

  zod@4.1.12:
    resolution: {integrity: sha512-JInaHOamG8pt5+Ey8kGmdcAcg3OL9reK8ltczgHTAwNhMys/6ThXHityHxVV2p3fkw/c+MAvBHFVYHFZDmjMCQ==, tarball: https://registry.npmjs.org/zod/-/zod-4.1.12.tgz}

snapshots:

  '@babel/generator@8.0.0-rc.2':
    dependencies:
      '@babel/parser': 8.0.0-rc.2
      '@babel/types': 8.0.0-rc.2
      '@jridgewell/gen-mapping': 0.3.13
      '@jridgewell/trace-mapping': 0.3.31
      '@types/jsesc': 2.5.1
      jsesc: 3.1.0

  '@babel/helper-string-parser@8.0.0-rc.2': {}

  '@babel/helper-validator-identifier@8.0.0-rc.2': {}

  '@babel/parser@8.0.0-rc.2':
    dependencies:
      '@babel/types': 8.0.0-rc.2

  '@babel/types@8.0.0-rc.2':
    dependencies:
      '@babel/helper-string-parser': 8.0.0-rc.2
      '@babel/helper-validator-identifier': 8.0.0-rc.2

  '@emnapi/core@1.8.1':
    dependencies:
      '@emnapi/wasi-threads': 1.1.0
      tslib: 2.8.1
    optional: true

  '@emnapi/runtime@1.8.1':
    dependencies:
      tslib: 2.8.1
    optional: true

  '@emnapi/wasi-threads@1.1.0':
    dependencies:
      tslib: 2.8.1
    optional: true

  '@esbuild/aix-ppc64@0.25.10':
    optional: true

  '@esbuild/android-arm64@0.25.10':
    optional: true

  '@esbuild/android-arm@0.25.10':
    optional: true

  '@esbuild/android-x64@0.25.10':
    optional: true

  '@esbuild/darwin-arm64@0.25.10':
    optional: true

  '@esbuild/darwin-x64@0.25.10':
    optional: true

  '@esbuild/freebsd-arm64@0.25.10':
    optional: true

  '@esbuild/freebsd-x64@0.25.10':
    optional: true

  '@esbuild/linux-arm64@0.25.10':
    optional: true

  '@esbuild/linux-arm@0.25.10':
    optional: true

  '@esbuild/linux-ia32@0.25.10':
    optional: true

  '@esbuild/linux-loong64@0.25.10':
    optional: true

  '@esbuild/linux-mips64el@0.25.10':
    optional: true

  '@esbuild/linux-ppc64@0.25.10':
    optional: true

  '@esbuild/linux-riscv64@0.25.10':
    optional: true

  '@esbuild/linux-s390x@0.25.10':
    optional: true

  '@esbuild/linux-x64@0.25.10':
    optional: true

  '@esbuild/netbsd-arm64@0.25.10':
    optional: true

  '@esbuild/netbsd-x64@0.25.10':
    optional: true

  '@esbuild/openbsd-arm64@0.25.10':
    optional: true

  '@esbuild/openbsd-x64@0.25.10':
    optional: true

  '@esbuild/openharmony-arm64@0.25.10':
    optional: true

  '@esbuild/sunos-x64@0.25.10':
    optional: true

  '@esbuild/win32-arm64@0.25.10':
    optional: true

  '@esbuild/win32-ia32@0.25.10':
    optional: true

  '@esbuild/win32-x64@0.25.10':
    optional: true

  '@jridgewell/gen-mapping@0.3.13':
    dependencies:
      '@jridgewell/sourcemap-codec': 1.5.5
      '@jridgewell/trace-mapping': 0.3.31

  '@jridgewell/resolve-uri@3.1.2': {}

  '@jridgewell/sourcemap-codec@1.5.5': {}

  '@jridgewell/trace-mapping@0.3.31':
    dependencies:
      '@jridgewell/resolve-uri': 3.1.2
      '@jridgewell/sourcemap-codec': 1.5.5

  '@jsep-plugin/assignment@1.3.0(jsep@1.4.0)':
    dependencies:
      jsep: 1.4.0

  '@jsep-plugin/regex@1.0.4(jsep@1.4.0)':
    dependencies:
      jsep: 1.4.0

  '@napi-rs/wasm-runtime@1.1.1':
    dependencies:
      '@emnapi/core': 1.8.1
      '@emnapi/runtime': 1.8.1
      '@tybys/wasm-util': 0.10.1
    optional: true

  '@oxc-project/types@0.115.0': {}

  '@quansync/fs@1.0.0':
    dependencies:
      quansync: 1.0.0

  '@rolldown/binding-android-arm64@1.0.0-rc.9':
    optional: true

  '@rolldown/binding-darwin-arm64@1.0.0-rc.9':
    optional: true

  '@rolldown/binding-darwin-x64@1.0.0-rc.9':
    optional: true

  '@rolldown/binding-freebsd-x64@1.0.0-rc.9':
    optional: true

  '@rolldown/binding-linux-arm-gnueabihf@1.0.0-rc.9':
    optional: true

  '@rolldown/binding-linux-arm64-gnu@1.0.0-rc.9':
    optional: true

  '@rolldown/binding-linux-arm64-musl@1.0.0-rc.9':
    optional: true

  '@rolldown/binding-linux-ppc64-gnu@1.0.0-rc.9':
    optional: true

  '@rolldown/binding-linux-s390x-gnu@1.0.0-rc.9':
    optional: true

  '@rolldown/binding-linux-x64-gnu@1.0.0-rc.9':
    optional: true

  '@rolldown/binding-linux-x64-musl@1.0.0-rc.9':
    optional: true

  '@rolldown/binding-openharmony-arm64@1.0.0-rc.9':
    optional: true

  '@rolldown/binding-wasm32-wasi@1.0.0-rc.9':
    dependencies:
      '@napi-rs/wasm-runtime': 1.1.1
    optional: true

  '@rolldown/binding-win32-arm64-msvc@1.0.0-rc.9':
    optional: true

  '@rolldown/binding-win32-x64-msvc@1.0.0-rc.9':
    optional: true

  '@rolldown/pluginutils@1.0.0-rc.9': {}

  '@tybys/wasm-util@0.10.1':
    dependencies:
      tslib: 2.8.1
    optional: true

  '@types/estree@1.0.8': {}

  '@types/jmespath@0.15.2': {}

  '@types/jsesc@2.5.1': {}

  '@types/node@22.18.9':
    dependencies:
      undici-types: 6.21.0

  ansis@4.2.0: {}

  ast-kit@3.0.0-beta.1:
    dependencies:
      '@babel/parser': 8.0.0-rc.2
      estree-walker: 3.0.3
      pathe: 2.0.3

  birpc@4.0.0: {}

  cac@7.0.0: {}

  defu@6.1.4: {}

  dts-resolver@2.1.3: {}

  empathic@2.0.0: {}

  esbuild@0.25.10:
    optionalDependencies:
      '@esbuild/aix-ppc64': 0.25.10
      '@esbuild/android-arm': 0.25.10
      '@esbuild/android-arm64': 0.25.10
      '@esbuild/android-x64': 0.25.10
      '@esbuild/darwin-arm64': 0.25.10
      '@esbuild/darwin-x64': 0.25.10
      '@esbuild/freebsd-arm64': 0.25.10
      '@esbuild/freebsd-x64': 0.25.10
      '@esbuild/linux-arm': 0.25.10
      '@esbuild/linux-arm64': 0.25.10
      '@esbuild/linux-ia32': 0.25.10
      '@esbuild/linux-loong64': 0.25.10
      '@esbuild/linux-mips64el': 0.25.10
      '@esbuild/linux-ppc64': 0.25.10
      '@esbuild/linux-riscv64': 0.25.10
      '@esbuild/linux-s390x': 0.25.10
      '@esbuild/linux-x64': 0.25.10
      '@esbuild/netbsd-arm64': 0.25.10
      '@esbuild/netbsd-x64': 0.25.10
      '@esbuild/openbsd-arm64': 0.25.10
      '@esbuild/openbsd-x64': 0.25.10
      '@esbuild/openharmony-arm64': 0.25.10
      '@esbuild/sunos-x64': 0.25.10
      '@esbuild/win32-arm64': 0.25.10
      '@esbuild/win32-ia32': 0.25.10
      '@esbuild/win32-x64': 0.25.10

  estree-walker@3.0.3:
    dependencies:
      '@types/estree': 1.0.8

  fdir@6.5.0(picomatch@4.0.3):
    optionalDependencies:
      picomatch: 4.0.3

  fsevents@2.3.3:
    optional: true

  get-tsconfig@4.12.0:
    dependencies:
      resolve-pkg-maps: 1.0.0

  get-tsconfig@4.13.6:
    dependencies:
      resolve-pkg-maps: 1.0.0

  hookable@6.0.1: {}

  import-without-cache@0.2.5: {}

  jmespath@0.16.0: {}

  jsep@1.4.0: {}

  jsesc@3.1.0: {}

  jsonata@2.1.0: {}

  jsonpath-plus@10.4.0:
    dependencies:
      '@jsep-plugin/assignment': 1.3.0(jsep@1.4.0)
      '@jsep-plugin/regex': 1.0.4(jsep@1.4.0)
      jsep: 1.4.0

  obug@2.1.1: {}

  pathe@2.0.3: {}

  picomatch@4.0.3: {}

  quansync@1.0.0: {}

  resolve-pkg-maps@1.0.0: {}

  rolldown-plugin-dts@0.22.5(rolldown@1.0.0-rc.9)(typescript@5.9.3):
    dependencies:
      '@babel/generator': 8.0.0-rc.2
      '@babel/helper-validator-identifier': 8.0.0-rc.2
      '@babel/parser': 8.0.0-rc.2
      '@babel/types': 8.0.0-rc.2
      ast-kit: 3.0.0-beta.1
      birpc: 4.0.0
      dts-resolver: 2.1.3
      get-tsconfig: 4.13.6
      obug: 2.1.1
      rolldown: 1.0.0-rc.9
    optionalDependencies:
      typescript: 5.9.3
    transitivePeerDependencies:
      - oxc-resolver

  rolldown@1.0.0-rc.9:
    dependencies:
      '@oxc-project/types': 0.115.0
      '@rolldown/pluginutils': 1.0.0-rc.9
    optionalDependencies:
      '@rolldown/binding-android-arm64': 1.0.0-rc.9
      '@rolldown/binding-darwin-arm64': 1.0.0-rc.9
      '@rolldown/binding-darwin-x64': 1.0.0-rc.9
      '@rolldown/binding-freebsd-x64': 1.0.0-rc.9
      '@rolldown/binding-linux-arm-gnueabihf': 1.0.0-rc.9
      '@rolldown/binding-linux-arm64-gnu': 1.0.0-rc.9
      '@rolldown/binding-linux-arm64-musl': 1.0.0-rc.9
      '@rolldown/binding-linux-ppc64-gnu': 1.0.0-rc.9
      '@rolldown/binding-linux-s390x-gnu': 1.0.0-rc.9
      '@rolldown/binding-linux-x64-gnu': 1.0.0-rc.9
      '@rolldown/binding-linux-x64-musl': 1.0.0-rc.9
      '@rolldown/binding-openharmony-arm64': 1.0.0-rc.9
      '@rolldown/binding-wasm32-wasi': 1.0.0-rc.9
      '@rolldown/binding-win32-arm64-msvc': 1.0.0-rc.9
      '@rolldown/binding-win32-x64-msvc': 1.0.0-rc.9

  semver@7.7.4: {}

  tinyexec@1.0.2: {}

  tinyglobby@0.2.15:
    dependencies:
      fdir: 6.5.0(picomatch@4.0.3)
      picomatch: 4.0.3

  tree-kill@1.2.2: {}

  tsdown@0.21.2(typescript@5.9.3):
    dependencies:
      ansis: 4.2.0
      cac: 7.0.0
      defu: 6.1.4
      empathic: 2.0.0
      hookable: 6.0.1
      import-without-cache: 0.2.5
      obug: 2.1.1
      picomatch: 4.0.3
      rolldown: 1.0.0-rc.9
      rolldown-plugin-dts: 0.22.5(rolldown@1.0.0-rc.9)(typescript@5.9.3)
      semver: 7.7.4
      tinyexec: 1.0.2
      tinyglobby: 0.2.15
      tree-kill: 1.2.2
      unconfig-core: 7.5.0
      unrun: 0.2.32
    optionalDependencies:
      typescript: 5.9.3
    transitivePeerDependencies:
      - '@ts-macro/tsc'
      - '@typescript/native-preview'
      - oxc-resolver
      - synckit
      - vue-tsc

  tslib@2.8.1:
    optional: true

  tsx@4.20.6:
    dependencies:
      esbuild: 0.25.10
      get-tsconfig: 4.12.0
    optionalDependencies:
      fsevents: 2.3.3

  typescript@5.9.3: {}

  unconfig-core@7.5.0:
    dependencies:
      '@quansync/fs': 1.0.0
      quansync: 1.0.0

  undici-types@6.21.0: {}

  unrun@0.2.32:
    dependencies:
      rolldown: 1.0.0-rc.9

  xstate@5.28.0: {}

  zod@4.1.12: {}
